
Microsoft Visual Studio Solution File, Format Version 12.00
# Visual Studio Version 17
VisualStudioVersion = 17.8.34316.72
MinimumVisualStudioVersion = 10.0.40219.1
Project("{9A19103F-16F7-4668-BE54-9A1E7A4F7556}") = "AoC.Tools", "AoC.Tools\AoC.Tools.csproj", "{447DBC22-DD71-4F8F-9B72-9F3B761723CD}"
EndProject
Project("{9A19103F-16F7-4668-BE54-9A1E7A4F7556}") = "Day01", "Day01\Day01.csproj", "{EE91A42C-395D-4773-9B6D-807CF4146035}"
EndProject
Project("{9A19103F-16F7-4668-BE54-9A1E7A4F7556}") = "Day02", "Day02\Day02.csproj", "{360F227A-265F-4561-B1B3-254EFDEDDE1B}"
EndProject
Project("{9A19103F-16F7-4668-BE54-9A1E7A4F7556}") = "Day03", "Day03\Day03.csproj", "{45F98869-10C5-4F42-9839-C1B9253CAAD3}"
EndProject
Project("{9A19103F-16F7-4668-BE54-9A1E7A4F7556}") = "Day04", "Day04\Day04.csproj", "{5397ECFA-556E-4865-9D2E-A74C9B2D878D}"
EndProject
Project("{9A19103F-16F7-4668-BE54-9A1E7A4F7556}") = "Day05", "Day05\Day05.csproj", "{075F4F83-130D-455B-8CB7-ED8041BF8C54}"
EndProject
Project("{9A19103F-16F7-4668-BE54-9A1E7A4F7556}") = "Day06", "Day06\Day06.csproj", "{B001EDE6-3F88-4C14-B4C3-B20070CB47D7}"
EndProject
Project("{9A19103F-16F7-4668-BE54-9A1E7A4F7556}") = "Day07", "Day07\Day07.csproj", "{CD25DB91-6D18-4F8D-A96F-58AD3B061F8D}"
EndProject
Project("{9A19103F-16F7-4668-BE54-9A1E7A4F7556}") = "Day08", "Day08\Day08.csproj", "{80CDC259-5C8A-4CD4-B479-BF7CFB131FD8}"
EndProject
Project("{9A19103F-16F7-4668-BE54-9A1E7A4F7556}") = "Day09", "Day09\Day09.csproj", "{0A4BDF1A-D597-416E-99AF-259F44556C72}"
EndProject
Project("{9A19103F-16F7-4668-BE54-9A1E7A4F7556}") = "Day10", "Day10\Day10.csproj", "{3B0E650C-B944-4AE3-96BA-96493093EB6A}"
EndProject
Project("{9A19103F-16F7-4668-BE54-9A1E7A4F7556}") = "Day11", "Day11\Day11.csproj", "{82CA03C2-139A-46B2-A3FA-31DB9917878F}"
EndProject
Project("{9A19103F-16F7-4668-BE54-9A1E7A4F7556}") = "Day12", "Day12\Day12.csproj", "{B512001D-AE86-46FC-AB0E-34F3FDFBC98D}"
EndProject
Project("{FAE04EC0-301F-11D3-BF4B-00C04F79EFBC}") = "Day13", "Day13\Day13.csproj", "{1779ED73-DA2D-4275-A062-98B91A54F6AF}"
EndProject
Global
	GlobalSection(SolutionConfigurationPlatforms) = preSolution
		Debug|Any CPU = Debug|Any CPU
		Release|Any CPU = Release|Any CPU
	EndGlobalSection
	GlobalSection(ProjectConfigurationPlatforms) = postSolution
		{447DBC22-DD71-4F8F-9B72-9F3B761723CD}.Debug|Any CPU.ActiveCfg = Debug|Any CPU
		{447DBC22-DD71-4F8F-9B72-9F3B761723CD}.Debug|Any CPU.Build.0 = Debug|Any CPU
		{447DBC22-DD71-4F8F-9B72-9F3B761723CD}.Release|Any CPU.ActiveCfg = Release|Any CPU
		{447DBC22-DD71-4F8F-9B72-9F3B761723CD}.Release|Any CPU.Build.0 = Release|Any CPU
		{EE91A42C-395D-4773-9B6D-807CF4146035}.Debug|Any CPU.ActiveCfg = Debug|Any CPU
		{EE91A42C-395D-4773-9B6D-807CF4146035}.Debug|Any CPU.Build.0 = Debug|Any CPU
		{EE91A42C-395D-4773-9B6D-807CF4146035}.Release|Any CPU.ActiveCfg = Release|Any CPU
		{EE91A42C-395D-4773-9B6D-807CF4146035}.Release|Any CPU.Build.0 = Release|Any CPU
		{360F227A-265F-4561-B1B3-254EFDEDDE1B}.Debug|Any CPU.ActiveCfg = Debug|Any CPU
		{360F227A-265F-4561-B1B3-254EFDEDDE1B}.Debug|Any CPU.Build.0 = Debug|Any CPU
		{360F227A-265F-4561-B1B3-254EFDEDDE1B}.Release|Any CPU.ActiveCfg = Release|Any CPU
		{360F227A-265F-4561-B1B3-254EFDEDDE1B}.Release|Any CPU.Build.0 = Release|Any CPU
		{45F98869-10C5-4F42-9839-C1B9253CAAD3}.Debug|Any CPU.ActiveCfg = Debug|Any CPU
		{45F98869-10C5-4F42-9839-C1B9253CAAD3}.Debug|Any CPU.Build.0 = Debug|Any CPU
		{45F98869-10C5-4F42-9839-C1B9253CAAD3}.Release|Any CPU.ActiveCfg = Release|Any CPU
		{45F98869-10C5-4F42-9839-C1B9253CAAD3}.Release|Any CPU.Build.0 = Release|Any CPU
		{5397ECFA-556E-4865-9D2E-A74C9B2D878D}.Debug|Any CPU.ActiveCfg = Debug|Any CPU
		{5397ECFA-556E-4865-9D2E-A74C9B2D878D}.Debug|Any CPU.Build.0 = Debug|Any CPU
		{5397ECFA-556E-4865-9D2E-A74C9B2D878D}.Release|Any CPU.ActiveCfg = Release|Any CPU
		{5397ECFA-556E-4865-9D2E-A74C9B2D878D}.Release|Any CPU.Build.0 = Release|Any CPU
		{075F4F83-130D-455B-8CB7-ED8041BF8C54}.Debug|Any CPU.ActiveCfg = Debug|Any CPU
		{075F4F83-130D-455B-8CB7-ED8041BF8C54}.Debug|Any CPU.Build.0 = Debug|Any CPU
		{075F4F83-130D-455B-8CB7-ED8041BF8C54}.Release|Any CPU.ActiveCfg = Release|Any CPU
		{075F4F83-130D-455B-8CB7-ED8041BF8C54}.Release|Any CPU.Build.0 = Release|Any CPU
		{B001EDE6-3F88-4C14-B4C3-B20070CB47D7}.Debug|Any CPU.ActiveCfg = Debug|Any CPU
		{B001EDE6-3F88-4C14-B4C3-B20070CB47D7}.Debug|Any CPU.Build.0 = Debug|Any CPU
		{B001EDE6-3F88-4C14-B4C3-B20070CB47D7}.Release|Any CPU.ActiveCfg = Release|Any CPU
		{B001EDE6-3F88-4C14-B4C3-B20070CB47D7}.Release|Any CPU.Build.0 = Release|Any CPU
		{CD25DB91-6D18-4F8D-A96F-58AD3B061F8D}.Debug|Any CPU.ActiveCfg = Debug|Any CPU
		{CD25DB91-6D18-4F8D-A96F-58AD3B061F8D}.Debug|Any CPU.Build.0 = Debug|Any CPU
		{CD25DB91-6D18-4F8D-A96F-58AD3B061F8D}.Release|Any CPU.ActiveCfg = Release|Any CPU
		{CD25DB91-6D18-4F8D-A96F-58AD3B061F8D}.Release|Any CPU.Build.0 = Release|Any CPU
		{80CDC259-5C8A-4CD4-B479-BF7CFB131FD8}.Debug|Any CPU.ActiveCfg = Debug|Any CPU
		{80CDC259-5C8A-4CD4-B479-BF7CFB131FD8}.Debug|Any CPU.Build.0 = Debug|Any CPU
		{80CDC259-5C8A-4CD4-B479-BF7CFB131FD8}.Release|Any CPU.ActiveCfg = Release|Any CPU
		{80CDC259-5C8A-4CD4-B479-BF7CFB131FD8}.Release|Any CPU.Build.0 = Release|Any CPU
		{0A4BDF1A-D597-416E-99AF-259F44556C72}.Debug|Any CPU.ActiveCfg = Debug|Any CPU
		{0A4BDF1A-D597-416E-99AF-259F44556C72}.Debug|Any CPU.Build.0 = Debug|Any CPU
		{0A4BDF1A-D597-416E-99AF-259F44556C72}.Release|Any CPU.ActiveCfg = Release|Any CPU
		{0A4BDF1A-D597-416E-99AF-259F44556C72}.Release|Any CPU.Build.0 = Release|Any CPU
		{3B0E650C-B944-4AE3-96BA-96493093EB6A}.Debug|Any CPU.ActiveCfg = Debug|Any CPU
		{3B0E650C-B944-4AE3-96BA-96493093EB6A}.Debug|Any CPU.Build.0 = Debug|Any CPU
		{3B0E650C-B944-4AE3-96BA-96493093EB6A}.Release|Any CPU.ActiveCfg = Release|Any CPU
		{3B0E650C-B944-4AE3-96BA-96493093EB6A}.Release|Any CPU.Build.0 = Release|Any CPU
		{82CA03C2-139A-46B2-A3FA-31DB9917878F}.Debug|Any CPU.ActiveCfg = Debug|Any CPU
		{82CA03C2-139A-46B2-A3FA-31DB9917878F}.Debug|Any CPU.Build.0 = Debug|Any CPU
		{82CA03C2-139A-46B2-A3FA-31DB9917878F}.Release|Any CPU.ActiveCfg = Release|Any CPU
		{82CA03C2-139A-46B2-A3FA-31DB9917878F}.Release|Any CPU.Build.0 = Release|Any CPU
		{B512001D-AE86-46FC-AB0E-34F3FDFBC98D}.Debug|Any CPU.ActiveCfg = Debug|Any CPU
		{B512001D-AE86-46FC-AB0E-34F3FDFBC98D}.Debug|Any CPU.Build.0 = Debug|Any CPU
		{B512001D-AE86-46FC-AB0E-34F3FDFBC98D}.Release|Any CPU.ActiveCfg = Release|Any CPU
		{B512001D-AE86-46FC-AB0E-34F3FDFBC98D}.Release|Any CPU.Build.0 = Release|Any CPU
		{1779ED73-DA2D-4275-A062-98B91A54F6AF}.Debug|Any CPU.ActiveCfg = Debug|Any CPU
		{1779ED73-DA2D-4275-A062-98B91A54F6AF}.Debug|Any CPU.Build.0 = Debug|Any CPU
		{1779ED73-DA2D-4275-A062-98B91A54F6AF}.Release|Any CPU.ActiveCfg = Release|Any CPU
		{1779ED73-DA2D-4275-A062-98B91A54F6AF}.Release|Any CPU.Build.0 = Release|Any CPU
	EndGlobalSection
	GlobalSection(SolutionProperties) = preSolution
		HideSolutionNode = FALSE
	EndGlobalSection
	GlobalSection(ExtensibilityGlobals) = postSolution
		SolutionGuid = {84EE549C-2478-4DA1-A7F5-7271E4629332}
	EndGlobalSection
EndGlobal
